<?xml version="1.0" encoding="utf-8"?>
<Project ToolsVersion="4.0" xmlns="http://schemas.microsoft.com/developer/msbuild/2003">
  <ItemGroup>
    <None Include="exports.def" />
  </ItemGroup>
  <ItemGroup>
    <Filter Include="src">
      <UniqueIdentifier>{57c9eac9-3a96-4dbf-8d19-cdddafb51688}</UniqueIdentifier>
    </Filter>
    <Filter Include="include">
      <UniqueIdentifier>{aee06ac9-1bc5-42ef-858c-7657bb1ee832}</UniqueIdentifier>
    </Filter>
    <Filter Include="include\lib">
      <UniqueIdentifier>{36395b4a-e5e6-41ae-b346-a9a0d3599e87}</UniqueIdentifier>
    </Filter>
    <Filter Include="include\papyrus">
      <UniqueIdentifier>{fa263951-0e9c-4572-9aa2-fbbb01599225}</UniqueIdentifier>
    </Filter>
    <Filter Include="include\RE">
      <UniqueIdentifier>{6d09edf4-620b-45f3-b230-4b8a9dca4e0a}</UniqueIdentifier>
    </Filter>
    <Filter Include="src\lib">
      <UniqueIdentifier>{d9556f19-c94a-4b22-afba-768dfc2976cc}</UniqueIdentifier>
    </Filter>
    <Filter Include="src\papyrus">
      <UniqueIdentifier>{29f4d0e1-ea0f-4f28-9e74-44c02ed87e5b}</UniqueIdentifier>
    </Filter>
  </ItemGroup>
  <ItemGroup>
    <ClInclude Include="..\..\..\..\skse64_2_00_10\src\skse64\iEquip_SoulSeeker\include\iEquip_ActorExt.h">
      <Filter>include\papyrus</Filter>
    </ClInclude>
    <ClInclude Include="..\..\..\..\skse64_2_00_10\src\skse64\iEquip_SoulSeeker\include\iEquip_SoulSeeker.h">
      <Filter>include\papyrus</Filter>
    </ClInclude>
    <ClInclude Include="..\..\..\..\skse64_2_00_10\src\skse64\iEquip_SoulSeeker\include\iEquip_WeaponExt.h">
      <Filter>include\papyrus</Filter>
    </ClInclude>
    <ClInclude Include="..\..\..\..\skse64_2_00_10\src\skse64\iEquip_SoulSeeker\include\iEquip_ActorExtLib.h">
      <Filter>include\lib</Filter>
    </ClInclude>
    <ClInclude Include="..\..\..\..\skse64_2_00_10\src\skse64\iEquip_SoulSeeker\include\iEquip_ExtraLocator.h">
      <Filter>include\lib</Filter>
    </ClInclude>
    <ClInclude Include="..\..\..\..\skse64_2_00_10\src\skse64\iEquip_SoulSeeker\include\iEquip_SoulSeekerLib.h">
      <Filter>include\lib</Filter>
    </ClInclude>
    <ClInclude Include="..\..\..\..\skse64_2_00_10\src\skse64\iEquip_SoulSeeker\include\iEquip_Utility.h">
      <Filter>include\lib</Filter>
    </ClInclude>
    <ClInclude Include="include\RE_InventoryEntryData.h">
      <Filter>include\RE</Filter>
    </ClInclude>
    <ClInclude Include="..\..\..\..\skse64_2_00_10\src\skse64\iEquip_SoulSeeker\include\RE_ExtraPoison.h">
      <Filter>include\RE</Filter>
    </ClInclude>
  </ItemGroup>
  <ItemGroup>
    <ClCompile Include="..\..\..\..\skse64_2_00_10\src\skse64\iEquip_SoulSeeker\src\main.cpp">
      <Filter>src</Filter>
    </ClCompile>
    <ClCompile Include="..\..\..\..\skse64_2_00_10\src\skse64\iEquip_SoulSeeker\src\iEquip_ActorExt.cpp">
      <Filter>src\papyrus</Filter>
    </ClCompile>
    <ClCompile Include="..\..\..\..\skse64_2_00_10\src\skse64\iEquip_SoulSeeker\src\iEquip_SoulSeeker.cpp">
      <Filter>src\papyrus</Filter>
    </ClCompile>
    <ClCompile Include="..\..\..\..\skse64_2_00_10\src\skse64\iEquip_SoulSeeker\src\iEquip_WeaponExt.cpp">
      <Filter>src\papyrus</Filter>
    </ClCompile>
    <ClCompile Include="..\..\..\..\skse64_2_00_10\src\skse64\iEquip_SoulSeeker\src\iEquip_ActorExtLib.cpp">
      <Filter>src\lib</Filter>
    </ClCompile>
    <ClCompile Include="..\..\..\..\skse64_2_00_10\src\skse64\iEquip_SoulSeeker\src\iEquip_ExtraLocator.cpp">
      <Filter>src\lib</Filter>
    </ClCompile>
    <ClCompile Include="..\..\..\..\skse64_2_00_10\src\skse64\iEquip_SoulSeeker\src\iEquip_SoulSeekerLib.cpp">
      <Filter>src\lib</Filter>
    </ClCompile>
    <ClCompile Include="..\..\..\..\skse64_2_00_10\src\skse64\iEquip_SoulSeeker\src\iEquip_Utility.cpp">
      <Filter>src\lib</Filter>
    </ClCompile>
  </ItemGroup>
</Project>